
Microsoft Visual Studio Solution File, Format Version 12.00
# Visual Studio Version 17
VisualStudioVersion = 17.10.34928.147
MinimumVisualStudioVersion = 10.0.40219.1
Project("{9A19103F-16F7-4668-BE54-9A1E7A4F7556}") = "FamilyPicScreenSaver", "FamilyPicScreenSaver\FamilyPicScreenSaver.csproj", "{D885F515-068E-42B2-AF3C-D5D14DDA4074}"
EndProject
Project("{9A19103F-16F7-4668-BE54-9A1E7A4F7556}") = "Launcher", "Launcher\Launcher.csproj", "{599D20BF-1835-4304-A1E2-C8726A281E32}"
EndProject
Global
	GlobalSection(SolutionConfigurationPlatforms) = preSolution
		Debug|Any CPU = Debug|Any CPU
		Release|Any CPU = Release|Any CPU
	EndGlobalSection
	GlobalSection(ProjectConfigurationPlatforms) = postSolution
		{D885F515-068E-42B2-AF3C-D5D14DDA4074}.Debug|Any CPU.ActiveCfg = Debug|Any CPU
		{D885F515-068E-42B2-AF3C-D5D14DDA4074}.Debug|Any CPU.Build.0 = Debug|Any CPU
		{D885F515-068E-42B2-AF3C-D5D14DDA4074}.Release|Any CPU.ActiveCfg = Release|Any CPU
		{D885F515-068E-42B2-AF3C-D5D14DDA4074}.Release|Any CPU.Build.0 = Release|Any CPU
		{599D20BF-1835-4304-A1E2-C8726A281E32}.Debug|Any CPU.ActiveCfg = Debug|Any CPU
		{599D20BF-1835-4304-A1E2-C8726A281E32}.Debug|Any CPU.Build.0 = Debug|Any CPU
		{599D20BF-1835-4304-A1E2-C8726A281E32}.Release|Any CPU.ActiveCfg = Release|Any CPU
		{599D20BF-1835-4304-A1E2-C8726A281E32}.Release|Any CPU.Build.0 = Release|Any CPU
	EndGlobalSection
	GlobalSection(SolutionProperties) = preSolution
		HideSolutionNode = FALSE
	EndGlobalSection
	GlobalSection(ExtensibilityGlobals) = postSolution
		SolutionGuid = {C9F2A0CF-E2D2-4612-B6DE-CC7385B66BFF}
	EndGlobalSection
EndGlobal
